{
  "name": "miniprogram-ts-less-quickstart",
  "version": "1.0.0",
  "lockfileVersion": 2,
  "requires": true,
  "packages": {
    "": {
      "name": "miniprogram-ts-less-quickstart",
      "version": "1.0.0",
      "dependencies": {
        "@vant/weapp": "^1.11.5"
      },
      "devDependencies": {
        "miniprogram-api-typings": "^3.12.2"
      }
    },
    "node_modules/@vant/weapp": {
      "version": "1.11.5",
      "resolved": "https://registry.npmjs.org/@vant/weapp/-/weapp-1.11.5.tgz",
      "integrity": "sha512-F/yebMtysTaDrqpCyk6AdQrY3lDB7y5TXNwHtBarxtL2NZzoH+D6pBwz9nY+d0vCin0w0IH9kDF57yb/BP3mNA=="
    },
    "node_modules/miniprogram-api-typings": {
      "version": "3.12.2",
      "resolved": "https://registry.npmjs.org/miniprogram-api-typings/-/miniprogram-api-typings-3.12.2.tgz",
      "integrity": "sha512-OJB2uVAfhycX4teG/zEVpoThushQqLOx946XACDpVc6OQydiJWjn7djVzvNCbv0VOA7sbHGPQp/RkXD9vMCDEw==",
      "dev": true
    }
  },
  "dependencies": {
    "@vant/weapp": {
      "version": "1.11.5",
      "resolved": "https://registry.npmjs.org/@vant/weapp/-/weapp-1.11.5.tgz",
      "integrity": "sha512-F/yebMtysTaDrqpCyk6AdQrY3lDB7y5TXNwHtBarxtL2NZzoH+D6pBwz9nY+d0vCin0w0IH9kDF57yb/BP3mNA=="
    },
    "miniprogram-api-typings": {
      "version": "3.12.2",
      "resolved": "https://registry.npmjs.org/miniprogram-api-typings/-/miniprogram-api-typings-3.12.2.tgz",
      "integrity": "sha512-OJB2uVAfhycX4teG/zEVpoThushQqLOx946XACDpVc6OQydiJWjn7djVzvNCbv0VOA7sbHGPQp/RkXD9vMCDEw==",
      "dev": true
    }
  }
}
